
Microsoft Visual Studio Solution File, Format Version 12.00
# Visual Studio Version 17
VisualStudioVersion = 17.0.32014.148
MinimumVisualStudioVersion = 10.0.40219.1
Project("{8BC9CEB8-8B4A-11D0-8D11-00A0C91BC942}") = "FileWatcherDll", "src\FileWatcherDll\FileWatcherDll.vcxproj", "{3ACB4BDB-847F-4942-9226-766C458997EC}"
EndProject
Project("{9A19103F-16F7-4668-BE54-9A1E7A4F7556}") = "FileWatcher", "src\FileWatcher\FileWatcher.csproj", "{010F7BB8-27C5-40E3-8AB0-2806557E55B3}"
EndProject
Global
	GlobalSection(SolutionConfigurationPlatforms) = preSolution
		Debug|Any CPU = Debug|Any CPU
		Debug|x64 = Debug|x64
		Debug|x86 = Debug|x86
		Release|Any CPU = Release|Any CPU
		Release|x64 = Release|x64
		Release|x86 = Release|x86
	EndGlobalSection
	GlobalSection(ProjectConfigurationPlatforms) = postSolution
		{3ACB4BDB-847F-4942-9226-766C458997EC}.Debug|Any CPU.ActiveCfg = Debug|x64
		{3ACB4BDB-847F-4942-9226-766C458997EC}.Debug|Any CPU.Build.0 = Debug|x64
		{3ACB4BDB-847F-4942-9226-766C458997EC}.Debug|x64.ActiveCfg = Debug|x64
		{3ACB4BDB-847F-4942-9226-766C458997EC}.Debug|x64.Build.0 = Debug|x64
		{3ACB4BDB-847F-4942-9226-766C458997EC}.Debug|x86.ActiveCfg = Debug|Win32
		{3ACB4BDB-847F-4942-9226-766C458997EC}.Debug|x86.Build.0 = Debug|Win32
		{3ACB4BDB-847F-4942-9226-766C458997EC}.Release|Any CPU.ActiveCfg = Release|x64
		{3ACB4BDB-847F-4942-9226-766C458997EC}.Release|Any CPU.Build.0 = Release|x64
		{3ACB4BDB-847F-4942-9226-766C458997EC}.Release|x64.ActiveCfg = Release|x64
		{3ACB4BDB-847F-4942-9226-766C458997EC}.Release|x64.Build.0 = Release|x64
		{3ACB4BDB-847F-4942-9226-766C458997EC}.Release|x86.ActiveCfg = Release|Win32
		{3ACB4BDB-847F-4942-9226-766C458997EC}.Release|x86.Build.0 = Release|Win32
		{010F7BB8-27C5-40E3-8AB0-2806557E55B3}.Debug|Any CPU.ActiveCfg = Debug|Any CPU
		{010F7BB8-27C5-40E3-8AB0-2806557E55B3}.Debug|Any CPU.Build.0 = Debug|Any CPU
		{010F7BB8-27C5-40E3-8AB0-2806557E55B3}.Debug|x64.ActiveCfg = Debug|Any CPU
		{010F7BB8-27C5-40E3-8AB0-2806557E55B3}.Debug|x64.Build.0 = Debug|Any CPU
		{010F7BB8-27C5-40E3-8AB0-2806557E55B3}.Debug|x86.ActiveCfg = Debug|Any CPU
		{010F7BB8-27C5-40E3-8AB0-2806557E55B3}.Debug|x86.Build.0 = Debug|Any CPU
		{010F7BB8-27C5-40E3-8AB0-2806557E55B3}.Release|Any CPU.ActiveCfg = Release|Any CPU
		{010F7BB8-27C5-40E3-8AB0-2806557E55B3}.Release|Any CPU.Build.0 = Release|Any CPU
		{010F7BB8-27C5-40E3-8AB0-2806557E55B3}.Release|x64.ActiveCfg = Release|Any CPU
		{010F7BB8-27C5-40E3-8AB0-2806557E55B3}.Release|x64.Build.0 = Release|Any CPU
		{010F7BB8-27C5-40E3-8AB0-2806557E55B3}.Release|x86.ActiveCfg = Release|Any CPU
		{010F7BB8-27C5-40E3-8AB0-2806557E55B3}.Release|x86.Build.0 = Release|Any CPU
	EndGlobalSection
	GlobalSection(SolutionProperties) = preSolution
		HideSolutionNode = FALSE
	EndGlobalSection
	GlobalSection(ExtensibilityGlobals) = postSolution
		SolutionGuid = {2A8E22A8-D8D6-47C8-8A8C-03CD0A7DE4FD}
	EndGlobalSection
EndGlobal
